// !$*UTF8*$!
{
	archiveVersion = 1;
	classes = {
	};
	objectVersion = 55;
	objects = {

/* Begin PBXBuildFile section */
		2300891D285C94A4000FB614 /* Tests_iOS.swift in Sources */ = {isa = PBXBuildFile; fileRef = 2300891C285C94A4000FB614 /* Tests_iOS.swift */; };
		2300891F285C94A4000FB614 /* Tests_iOSLaunchTests.swift in Sources */ = {isa = PBXBuildFile; fileRef = 2300891E285C94A4000FB614 /* Tests_iOSLaunchTests.swift */; };
		23008929285C94A4000FB614 /* Tests_macOS.swift in Sources */ = {isa = PBXBuildFile; fileRef = 23008928285C94A4000FB614 /* Tests_macOS.swift */; };
		2300892B285C94A4000FB614 /* Tests_macOSLaunchTests.swift in Sources */ = {isa = PBXBuildFile; fileRef = 2300892A285C94A4000FB614 /* Tests_macOSLaunchTests.swift */; };
		2300892C285C94A4000FB614 /* OlcbTools.xcdatamodeld in Sources */ = {isa = PBXBuildFile; fileRef = 23008901285C949E000FB614 /* OlcbTools.xcdatamodeld */; };
		2300892D285C94A4000FB614 /* OlcbTools.xcdatamodeld in Sources */ = {isa = PBXBuildFile; fileRef = 23008901285C949E000FB614 /* OlcbTools.xcdatamodeld */; };
		2300892E285C94A4000FB614 /* OlcbToolsApp.swift in Sources */ = {isa = PBXBuildFile; fileRef = 23008903285C949E000FB614 /* OlcbToolsApp.swift */; };
		2300892F285C94A4000FB614 /* OlcbToolsApp.swift in Sources */ = {isa = PBXBuildFile; fileRef = 23008903285C949E000FB614 /* OlcbToolsApp.swift */; };
		23008930285C94A4000FB614 /* SampleCoreData.swift in Sources */ = {isa = PBXBuildFile; fileRef = 23008904285C949E000FB614 /* SampleCoreData.swift */; };
		23008931285C94A4000FB614 /* SampleCoreData.swift in Sources */ = {isa = PBXBuildFile; fileRef = 23008904285C949E000FB614 /* SampleCoreData.swift */; };
		23008932285C94A4000FB614 /* Persistence.swift in Sources */ = {isa = PBXBuildFile; fileRef = 23008905285C949E000FB614 /* Persistence.swift */; };
		23008933285C94A4000FB614 /* Persistence.swift in Sources */ = {isa = PBXBuildFile; fileRef = 23008905285C949E000FB614 /* Persistence.swift */; };
		23008934285C94A4000FB614 /* Assets.xcassets in Resources */ = {isa = PBXBuildFile; fileRef = 23008906285C94A4000FB614 /* Assets.xcassets */; };
		23008935285C94A4000FB614 /* Assets.xcassets in Resources */ = {isa = PBXBuildFile; fileRef = 23008906285C94A4000FB614 /* Assets.xcassets */; };
		23008947285C9527000FB614 /* OpenlcbLibrary in Frameworks */ = {isa = PBXBuildFile; productRef = 23008946285C9527000FB614 /* OpenlcbLibrary */; };
		23008949285C961D000FB614 /* NodeSummaryView.swift in Sources */ = {isa = PBXBuildFile; fileRef = 23008948285C961D000FB614 /* NodeSummaryView.swift */; };
		2300894A285C961D000FB614 /* NodeSummaryView.swift in Sources */ = {isa = PBXBuildFile; fileRef = 23008948285C961D000FB614 /* NodeSummaryView.swift */; };
		2300894C285C9630000FB614 /* ContentView.swift in Sources */ = {isa = PBXBuildFile; fileRef = 2300894B285C9630000FB614 /* ContentView.swift */; };
		2300894D285C9630000FB614 /* ContentView.swift in Sources */ = {isa = PBXBuildFile; fileRef = 2300894B285C9630000FB614 /* ContentView.swift */; };
		2300894F285CA41A000FB614 /* CdCdiView.swift in Sources */ = {isa = PBXBuildFile; fileRef = 2300894E285CA41A000FB614 /* CdCdiView.swift */; };
		23008950285CA41A000FB614 /* CdCdiView.swift in Sources */ = {isa = PBXBuildFile; fileRef = 2300894E285CA41A000FB614 /* CdCdiView.swift */; };
		23008952285CA46D000FB614 /* PipView.swift in Sources */ = {isa = PBXBuildFile; fileRef = 23008951285CA46D000FB614 /* PipView.swift */; };
		23008953285CA46D000FB614 /* PipView.swift in Sources */ = {isa = PBXBuildFile; fileRef = 23008951285CA46D000FB614 /* PipView.swift */; };
		23008955285CC75C000FB614 /* EventView.swift in Sources */ = {isa = PBXBuildFile; fileRef = 23008954285CC75C000FB614 /* EventView.swift */; };
		23008956285CC75C000FB614 /* EventView.swift in Sources */ = {isa = PBXBuildFile; fileRef = 23008954285CC75C000FB614 /* EventView.swift */; };
		23008958285CEABF000FB614 /* NodeListNavigationView.swift in Sources */ = {isa = PBXBuildFile; fileRef = 23008957285CEA4A000FB614 /* NodeListNavigationView.swift */; };
		23008959285CEABF000FB614 /* NodeListNavigationView.swift in Sources */ = {isa = PBXBuildFile; fileRef = 23008957285CEA4A000FB614 /* NodeListNavigationView.swift */; };
		230B6817285DF38600C99298 /* OpenlcbLibrary in Frameworks */ = {isa = PBXBuildFile; productRef = 230B6816285DF38600C99298 /* OpenlcbLibrary */; };
		230B6819285E071500C99298 /* SettingsView.swift in Sources */ = {isa = PBXBuildFile; fileRef = 230B6818285E071500C99298 /* SettingsView.swift */; };
		230B681A285E071500C99298 /* SettingsView.swift in Sources */ = {isa = PBXBuildFile; fileRef = 230B6818285E071500C99298 /* SettingsView.swift */; };
		2334B5D8286F52E900C2A959 /* TelnetListenerLib in Frameworks */ = {isa = PBXBuildFile; productRef = 2334B5D7286F52E900C2A959 /* TelnetListenerLib */; };
		2334B5DA286F52F400C2A959 /* TelnetListenerLib in Frameworks */ = {isa = PBXBuildFile; productRef = 2334B5D9286F52F400C2A959 /* TelnetListenerLib */; };
		235DFF4428C1017100B03999 /* ConsistView.swift in Sources */ = {isa = PBXBuildFile; fileRef = 235DFF4328C1017100B03999 /* ConsistView.swift */; };
		235DFF4528C1017100B03999 /* ConsistView.swift in Sources */ = {isa = PBXBuildFile; fileRef = 235DFF4328C1017100B03999 /* ConsistView.swift */; };
		2392DE632861B26600BD9391 /* MonitorView.swift in Sources */ = {isa = PBXBuildFile; fileRef = 2392DE622861B26600BD9391 /* MonitorView.swift */; };
		2392DE642861B26600BD9391 /* MonitorView.swift in Sources */ = {isa = PBXBuildFile; fileRef = 2392DE622861B26600BD9391 /* MonitorView.swift */; };
		2392DE662861B2D200BD9391 /* ThrottleView.swift in Sources */ = {isa = PBXBuildFile; fileRef = 2392DE652861B2D200BD9391 /* ThrottleView.swift */; };
		2392DE672861B2D200BD9391 /* ThrottleView.swift in Sources */ = {isa = PBXBuildFile; fileRef = 2392DE652861B2D200BD9391 /* ThrottleView.swift */; };
		2395165A28AFDB8E00F3A872 /* StandardToggleButton.swift in Sources */ = {isa = PBXBuildFile; fileRef = 2395165928AFDB8D00F3A872 /* StandardToggleButton.swift */; };
		2395165B28AFDB8E00F3A872 /* StandardToggleButton.swift in Sources */ = {isa = PBXBuildFile; fileRef = 2395165928AFDB8D00F3A872 /* StandardToggleButton.swift */; };
		23A0D5482892F3D0009663EA /* ClockView.swift in Sources */ = {isa = PBXBuildFile; fileRef = 23A0D5472892F3D0009663EA /* ClockView.swift */; };
		23A0D5492892F3D0009663EA /* ClockView.swift in Sources */ = {isa = PBXBuildFile; fileRef = 23A0D5472892F3D0009663EA /* ClockView.swift */; };
		23B2EDA828EB17510098666D /* TurnoutView.swift in Sources */ = {isa = PBXBuildFile; fileRef = 23B2EDA728EB17510098666D /* TurnoutView.swift */; };
		23B2EDA928EB17510098666D /* TurnoutView.swift in Sources */ = {isa = PBXBuildFile; fileRef = 23B2EDA728EB17510098666D /* TurnoutView.swift */; };
		23C40BBB28CAC06B00A22AD9 /* HexadecimalKeyboard.swift in Sources */ = {isa = PBXBuildFile; fileRef = 23C40BBA28CAC06B00A22AD9 /* HexadecimalKeyboard.swift */; };
		23C40BBC28CAC06B00A22AD9 /* HexadecimalKeyboard.swift in Sources */ = {isa = PBXBuildFile; fileRef = 23C40BBA28CAC06B00A22AD9 /* HexadecimalKeyboard.swift */; };
/* End PBXBuildFile section */

/* Begin PBXContainerItemProxy section */
		23008919285C94A4000FB614 /* PBXContainerItemProxy */ = {
			isa = PBXContainerItemProxy;
			containerPortal = 230088FC285C949E000FB614 /* Project object */;
			proxyType = 1;
			remoteGlobalIDString = 2300890A285C94A4000FB614;
			remoteInfo = "OlcbTools (iOS)";
		};
		23008925285C94A4000FB614 /* PBXContainerItemProxy */ = {
			isa = PBXContainerItemProxy;
			containerPortal = 230088FC285C949E000FB614 /* Project object */;
			proxyType = 1;
			remoteGlobalIDString = 23008910285C94A4000FB614;
			remoteInfo = "OlcbTools (macOS)";
		};
/* End PBXContainerItemProxy section */

/* Begin PBXFileReference section */
		23008902285C949E000FB614 /* Shared.xcdatamodel */ = {isa = PBXFileReference; lastKnownFileType = wrapper.xcdatamodel; path = Shared.xcdatamodel; sourceTree = "<group>"; };
		23008903285C949E000FB614 /* OlcbToolsApp.swift */ = {isa = PBXFileReference; lastKnownFileType = sourcecode.swift; path = OlcbToolsApp.swift; sourceTree = "<group>"; };
		23008904285C949E000FB614 /* SampleCoreData.swift */ = {isa = PBXFileReference; lastKnownFileType = sourcecode.swift; path = SampleCoreData.swift; sourceTree = "<group>"; };
		23008905285C949E000FB614 /* Persistence.swift */ = {isa = PBXFileReference; lastKnownFileType = sourcecode.swift; path = Persistence.swift; sourceTree = "<group>"; };
		23008906285C94A4000FB614 /* Assets.xcassets */ = {isa = PBXFileReference; lastKnownFileType = folder.assetcatalog; path = Assets.xcassets; sourceTree = "<group>"; };
		2300890B285C94A4000FB614 /* LccTools.app */ = {isa = PBXFileReference; explicitFileType = wrapper.application; includeInIndex = 0; path = LccTools.app; sourceTree = BUILT_PRODUCTS_DIR; };
		23008911285C94A4000FB614 /* LccTools.app */ = {isa = PBXFileReference; explicitFileType = wrapper.application; includeInIndex = 0; path = LccTools.app; sourceTree = BUILT_PRODUCTS_DIR; };
		23008913285C94A4000FB614 /* macOS.entitlements */ = {isa = PBXFileReference; lastKnownFileType = text.plist.entitlements; path = macOS.entitlements; sourceTree = "<group>"; };
		23008918285C94A4000FB614 /* Tests iOS.xctest */ = {isa = PBXFileReference; explicitFileType = wrapper.cfbundle; includeInIndex = 0; path = "Tests iOS.xctest"; sourceTree = BUILT_PRODUCTS_DIR; };
		2300891C285C94A4000FB614 /* Tests_iOS.swift */ = {isa = PBXFileReference; lastKnownFileType = sourcecode.swift; path = Tests_iOS.swift; sourceTree = "<group>"; };
		2300891E285C94A4000FB614 /* Tests_iOSLaunchTests.swift */ = {isa = PBXFileReference; lastKnownFileType = sourcecode.swift; path = Tests_iOSLaunchTests.swift; sourceTree = "<group>"; };
		23008924285C94A4000FB614 /* Tests macOS.xctest */ = {isa = PBXFileReference; explicitFileType = wrapper.cfbundle; includeInIndex = 0; path = "Tests macOS.xctest"; sourceTree = BUILT_PRODUCTS_DIR; };
		23008928285C94A4000FB614 /* Tests_macOS.swift */ = {isa = PBXFileReference; lastKnownFileType = sourcecode.swift; path = Tests_macOS.swift; sourceTree = "<group>"; };
		2300892A285C94A4000FB614 /* Tests_macOSLaunchTests.swift */ = {isa = PBXFileReference; lastKnownFileType = sourcecode.swift; path = Tests_macOSLaunchTests.swift; sourceTree = "<group>"; };
		23008944285C94FD000FB614 /* OpenlcbLibrary */ = {isa = PBXFileReference; lastKnownFileType = wrapper; name = OpenlcbLibrary; path = ../OpenlcbLibrary; sourceTree = "<group>"; };
		23008948285C961D000FB614 /* NodeSummaryView.swift */ = {isa = PBXFileReference; fileEncoding = 4; lastKnownFileType = sourcecode.swift; path = NodeSummaryView.swift; sourceTree = "<group>"; };
		2300894B285C9630000FB614 /* ContentView.swift */ = {isa = PBXFileReference; fileEncoding = 4; lastKnownFileType = sourcecode.swift; path = ContentView.swift; sourceTree = "<group>"; };
		2300894E285CA41A000FB614 /* CdCdiView.swift */ = {isa = PBXFileReference; lastKnownFileType = sourcecode.swift; path = CdCdiView.swift; sourceTree = "<group>"; };
		23008951285CA46D000FB614 /* PipView.swift */ = {isa = PBXFileReference; lastKnownFileType = sourcecode.swift; path = PipView.swift; sourceTree = "<group>"; };
		23008954285CC75C000FB614 /* EventView.swift */ = {isa = PBXFileReference; lastKnownFileType = sourcecode.swift; path = EventView.swift; sourceTree = "<group>"; };
		23008957285CEA4A000FB614 /* NodeListNavigationView.swift */ = {isa = PBXFileReference; lastKnownFileType = sourcecode.swift; path = NodeListNavigationView.swift; sourceTree = "<group>"; };
		230B6818285E071500C99298 /* SettingsView.swift */ = {isa = PBXFileReference; lastKnownFileType = sourcecode.swift; path = SettingsView.swift; sourceTree = "<group>"; };
		235DFF4328C1017100B03999 /* ConsistView.swift */ = {isa = PBXFileReference; lastKnownFileType = sourcecode.swift; path = ConsistView.swift; sourceTree = "<group>"; };
		2392DE622861B26600BD9391 /* MonitorView.swift */ = {isa = PBXFileReference; lastKnownFileType = sourcecode.swift; path = MonitorView.swift; sourceTree = "<group>"; };
		2392DE652861B2D200BD9391 /* ThrottleView.swift */ = {isa = PBXFileReference; lastKnownFileType = sourcecode.swift; path = ThrottleView.swift; sourceTree = "<group>"; };
		2395165928AFDB8D00F3A872 /* StandardToggleButton.swift */ = {isa = PBXFileReference; lastKnownFileType = sourcecode.swift; path = StandardToggleButton.swift; sourceTree = "<group>"; };
		239ADD1E28C4F78000E13A32 /* OlcbTools (iOS).entitlements */ = {isa = PBXFileReference; lastKnownFileType = text.plist.entitlements; path = "OlcbTools (iOS).entitlements"; sourceTree = "<group>"; };
		23A0D5472892F3D0009663EA /* ClockView.swift */ = {isa = PBXFileReference; lastKnownFileType = sourcecode.swift; path = ClockView.swift; sourceTree = "<group>"; };
		23B2EDA628E8CE450098666D /* OlcbTools (macOS)Debug.entitlements */ = {isa = PBXFileReference; lastKnownFileType = text.plist.entitlements; path = "OlcbTools (macOS)Debug.entitlements"; sourceTree = "<group>"; };
		23B2EDA728EB17510098666D /* TurnoutView.swift */ = {isa = PBXFileReference; lastKnownFileType = sourcecode.swift; path = TurnoutView.swift; sourceTree = "<group>"; };
		23C40BBA28CAC06B00A22AD9 /* HexadecimalKeyboard.swift */ = {isa = PBXFileReference; lastKnownFileType = sourcecode.swift; path = HexadecimalKeyboard.swift; sourceTree = "<group>"; };
		23D66405286F5269001CDBDD /* TelnetListenerLib */ = {isa = PBXFileReference; lastKnownFileType = wrapper; name = TelnetListenerLib; path = ../TelnetListenerLib; sourceTree = "<group>"; };
		23E3EE4028D8D0FA003AD06B /* OlcbTools--iOS--Info.plist */ = {isa = PBXFileReference; lastKnownFileType = text.plist; path = "OlcbTools--iOS--Info.plist"; sourceTree = "<group>"; };
/* End PBXFileReference section */

/* Begin PBXFrameworksBuildPhase section */
		23008908285C94A4000FB614 /* Frameworks */ = {
			isa = PBXFrameworksBuildPhase;
			buildActionMask = 2147483647;
			files = (
				2334B5DA286F52F400C2A959 /* TelnetListenerLib in Frameworks */,
				23008947285C9527000FB614 /* OpenlcbLibrary in Frameworks */,
			);
			runOnlyForDeploymentPostprocessing = 0;
		};
		2300890E285C94A4000FB614 /* Frameworks */ = {
			isa = PBXFrameworksBuildPhase;
			buildActionMask = 2147483647;
			files = (
				2334B5D8286F52E900C2A959 /* TelnetListenerLib in Frameworks */,
				230B6817285DF38600C99298 /* OpenlcbLibrary in Frameworks */,
			);
			runOnlyForDeploymentPostprocessing = 0;
		};
		23008915285C94A4000FB614 /* Frameworks */ = {
			isa = PBXFrameworksBuildPhase;
			buildActionMask = 2147483647;
			files = (
			);
			runOnlyForDeploymentPostprocessing = 0;
		};
		23008921285C94A4000FB614 /* Frameworks */ = {
			isa = PBXFrameworksBuildPhase;
			buildActionMask = 2147483647;
			files = (
			);
			runOnlyForDeploymentPostprocessing = 0;
		};
/* End PBXFrameworksBuildPhase section */

/* Begin PBXGroup section */
		230088FB285C949E000FB614 = {
			isa = PBXGroup;
			children = (
				23B2EDA628E8CE450098666D /* OlcbTools (macOS)Debug.entitlements */,
				23E3EE4028D8D0FA003AD06B /* OlcbTools--iOS--Info.plist */,
				239ADD1E28C4F78000E13A32 /* OlcbTools (iOS).entitlements */,
				23D66405286F5269001CDBDD /* TelnetListenerLib */,
				23008944285C94FD000FB614 /* OpenlcbLibrary */,
				23008900285C949E000FB614 /* Shared */,
				23008912285C94A4000FB614 /* macOS */,
				2300891B285C94A4000FB614 /* Tests iOS */,
				23008927285C94A4000FB614 /* Tests macOS */,
				2300890C285C94A4000FB614 /* Products */,
				23008945285C9527000FB614 /* Frameworks */,
			);
			sourceTree = "<group>";
		};
		23008900285C949E000FB614 /* Shared */ = {
			isa = PBXGroup;
			children = (
				23008903285C949E000FB614 /* OlcbToolsApp.swift */,
				23A0D5472892F3D0009663EA /* ClockView.swift */,
				235DFF4328C1017100B03999 /* ConsistView.swift */,
				2300894E285CA41A000FB614 /* CdCdiView.swift */,
				23008954285CC75C000FB614 /* EventView.swift */,
				2392DE622861B26600BD9391 /* MonitorView.swift */,
				23008957285CEA4A000FB614 /* NodeListNavigationView.swift */,
				23008948285C961D000FB614 /* NodeSummaryView.swift */,
				23008951285CA46D000FB614 /* PipView.swift */,
				230B6818285E071500C99298 /* SettingsView.swift */,
				2395165928AFDB8D00F3A872 /* StandardToggleButton.swift */,
				2392DE652861B2D200BD9391 /* ThrottleView.swift */,
				23B2EDA728EB17510098666D /* TurnoutView.swift */,
				2336064728CF6E9800FCACAA /* Examples */,
				2336064628CF6E6B00FCACAA /* Imports */,
				23008906285C94A4000FB614 /* Assets.xcassets */,
				23008901285C949E000FB614 /* OlcbTools.xcdatamodeld */,
			);
			path = Shared;
			sourceTree = "<group>";
		};
		2300890C285C94A4000FB614 /* Products */ = {
			isa = PBXGroup;
			children = (
				2300890B285C94A4000FB614 /* LccTools.app */,
				23008911285C94A4000FB614 /* LccTools.app */,
				23008918285C94A4000FB614 /* Tests iOS.xctest */,
				23008924285C94A4000FB614 /* Tests macOS.xctest */,
			);
			name = Products;
			sourceTree = "<group>";
		};
		23008912285C94A4000FB614 /* macOS */ = {
			isa = PBXGroup;
			children = (
				23008913285C94A4000FB614 /* macOS.entitlements */,
			);
			path = macOS;
			sourceTree = "<group>";
		};
		2300891B285C94A4000FB614 /* Tests iOS */ = {
			isa = PBXGroup;
			children = (
				2300891C285C94A4000FB614 /* Tests_iOS.swift */,
				2300891E285C94A4000FB614 /* Tests_iOSLaunchTests.swift */,
			);
			path = "Tests iOS";
			sourceTree = "<group>";
		};
		23008927285C94A4000FB614 /* Tests macOS */ = {
			isa = PBXGroup;
			children = (
				23008928285C94A4000FB614 /* Tests_macOS.swift */,
				2300892A285C94A4000FB614 /* Tests_macOSLaunchTests.swift */,
			);
			path = "Tests macOS";
			sourceTree = "<group>";
		};
		23008945285C9527000FB614 /* Frameworks */ = {
			isa = PBXGroup;
			children = (
			);
			name = Frameworks;
			sourceTree = "<group>";
		};
		2336064628CF6E6B00FCACAA /* Imports */ = {
			isa = PBXGroup;
			children = (
				23C40BBA28CAC06B00A22AD9 /* HexadecimalKeyboard.swift */,
			);
			path = Imports;
			sourceTree = "<group>";
		};
		2336064728CF6E9800FCACAA /* Examples */ = {
			isa = PBXGroup;
			children = (
				2300894B285C9630000FB614 /* ContentView.swift */,
				23008905285C949E000FB614 /* Persistence.swift */,
				23008904285C949E000FB614 /* SampleCoreData.swift */,
			);
			path = Examples;
			sourceTree = "<group>";
		};
/* End PBXGroup section */

/* Begin PBXNativeTarget section */
		2300890A285C94A4000FB614 /* OlcbTools (iOS) */ = {
			isa = PBXNativeTarget;
			buildConfigurationList = 23008938285C94A4000FB614 /* Build configuration list for PBXNativeTarget "OlcbTools (iOS)" */;
			buildPhases = (
				23008907285C94A4000FB614 /* Sources */,
				23008908285C94A4000FB614 /* Frameworks */,
				23008909285C94A4000FB614 /* Resources */,
			);
			buildRules = (
			);
			dependencies = (
			);
			name = "OlcbTools (iOS)";
			packageProductDependencies = (
				23008946285C9527000FB614 /* OpenlcbLibrary */,
				2334B5D9286F52F400C2A959 /* TelnetListenerLib */,
			);
			productName = "OlcbTools (iOS)";
			productReference = 2300890B285C94A4000FB614 /* LccTools.app */;
			productType = "com.apple.product-type.application";
		};
		23008910285C94A4000FB614 /* OlcbTools (macOS) */ = {
			isa = PBXNativeTarget;
			buildConfigurationList = 2300893B285C94A4000FB614 /* Build configuration list for PBXNativeTarget "OlcbTools (macOS)" */;
			buildPhases = (
				2300890D285C94A4000FB614 /* Sources */,
				2300890E285C94A4000FB614 /* Frameworks */,
				2300890F285C94A4000FB614 /* Resources */,
			);
			buildRules = (
			);
			dependencies = (
			);
			name = "OlcbTools (macOS)";
			packageProductDependencies = (
				230B6816285DF38600C99298 /* OpenlcbLibrary */,
				2334B5D7286F52E900C2A959 /* TelnetListenerLib */,
			);
			productName = "OlcbTools (macOS)";
			productReference = 23008911285C94A4000FB614 /* LccTools.app */;
			productType = "com.apple.product-type.application";
		};
		23008917285C94A4000FB614 /* Tests iOS */ = {
			isa = PBXNativeTarget;
			buildConfigurationList = 2300893E285C94A4000FB614 /* Build configuration list for PBXNativeTarget "Tests iOS" */;
			buildPhases = (
				23008914285C94A4000FB614 /* Sources */,
				23008915285C94A4000FB614 /* Frameworks */,
				23008916285C94A4000FB614 /* Resources */,
			);
			buildRules = (
			);
			dependencies = (
				2300891A285C94A4000FB614 /* PBXTargetDependency */,
			);
			name = "Tests iOS";
			productName = "Tests iOS";
			productReference = 23008918285C94A4000FB614 /* Tests iOS.xctest */;
			productType = "com.apple.product-type.bundle.ui-testing";
		};
		23008923285C94A4000FB614 /* Tests macOS */ = {
			isa = PBXNativeTarget;
			buildConfigurationList = 23008941285C94A4000FB614 /* Build configuration list for PBXNativeTarget "Tests macOS" */;
			buildPhases = (
				23008920285C94A4000FB614 /* Sources */,
				23008921285C94A4000FB614 /* Frameworks */,
				23008922285C94A4000FB614 /* Resources */,
			);
			buildRules = (
			);
			dependencies = (
				23008926285C94A4000FB614 /* PBXTargetDependency */,
			);
			name = "Tests macOS";
			productName = "Tests macOS";
			productReference = 23008924285C94A4000FB614 /* Tests macOS.xctest */;
			productType = "com.apple.product-type.bundle.ui-testing";
		};
/* End PBXNativeTarget section */

/* Begin PBXProject section */
		230088FC285C949E000FB614 /* Project object */ = {
			isa = PBXProject;
			attributes = {
				BuildIndependentTargetsInParallel = 1;
				LastSwiftUpdateCheck = 1340;
				LastUpgradeCheck = 1400;
				TargetAttributes = {
					2300890A285C94A4000FB614 = {
						CreatedOnToolsVersion = 13.4.1;
					};
					23008910285C94A4000FB614 = {
						CreatedOnToolsVersion = 13.4.1;
					};
					23008917285C94A4000FB614 = {
						CreatedOnToolsVersion = 13.4.1;
						TestTargetID = 2300890A285C94A4000FB614;
					};
					23008923285C94A4000FB614 = {
						CreatedOnToolsVersion = 13.4.1;
						TestTargetID = 23008910285C94A4000FB614;
					};
				};
			};
			buildConfigurationList = 230088FF285C949E000FB614 /* Build configuration list for PBXProject "OlcbTools" */;
			compatibilityVersion = "Xcode 13.0";
			developmentRegion = en;
			hasScannedForEncodings = 0;
			knownRegions = (
				en,
				Base,
			);
			mainGroup = 230088FB285C949E000FB614;
			productRefGroup = 2300890C285C94A4000FB614 /* Products */;
			projectDirPath = "";
			projectRoot = "";
			targets = (
				2300890A285C94A4000FB614 /* OlcbTools (iOS) */,
				23008910285C94A4000FB614 /* OlcbTools (macOS) */,
				23008917285C94A4000FB614 /* Tests iOS */,
				23008923285C94A4000FB614 /* Tests macOS */,
			);
		};
/* End PBXProject section */

/* Begin PBXResourcesBuildPhase section */
		23008909285C94A4000FB614 /* Resources */ = {
			isa = PBXResourcesBuildPhase;
			buildActionMask = 2147483647;
			files = (
				23008934285C94A4000FB614 /* Assets.xcassets in Resources */,
			);
			runOnlyForDeploymentPostprocessing = 0;
		};
		2300890F285C94A4000FB614 /* Resources */ = {
			isa = PBXResourcesBuildPhase;
			buildActionMask = 2147483647;
			files = (
				23008935285C94A4000FB614 /* Assets.xcassets in Resources */,
			);
			runOnlyForDeploymentPostprocessing = 0;
		};
		23008916285C94A4000FB614 /* Resources */ = {
			isa = PBXResourcesBuildPhase;
			buildActionMask = 2147483647;
			files = (
			);
			runOnlyForDeploymentPostprocessing = 0;
		};
		23008922285C94A4000FB614 /* Resources */ = {
			isa = PBXResourcesBuildPhase;
			buildActionMask = 2147483647;
			files = (
			);
			runOnlyForDeploymentPostprocessing = 0;
		};
/* End PBXResourcesBuildPhase section */

/* Begin PBXSourcesBuildPhase section */
		23008907285C94A4000FB614 /* Sources */ = {
			isa = PBXSourcesBuildPhase;
			buildActionMask = 2147483647;
			files = (
				23B2EDA828EB17510098666D /* TurnoutView.swift in Sources */,
				235DFF4428C1017100B03999 /* ConsistView.swift in Sources */,
				2300892C285C94A4000FB614 /* OlcbTools.xcdatamodeld in Sources */,
				23C40BBB28CAC06B00A22AD9 /* HexadecimalKeyboard.swift in Sources */,
				23008932285C94A4000FB614 /* Persistence.swift in Sources */,
				2300894C285C9630000FB614 /* ContentView.swift in Sources */,
				23008955285CC75C000FB614 /* EventView.swift in Sources */,
				2300892E285C94A4000FB614 /* OlcbToolsApp.swift in Sources */,
				2395165A28AFDB8E00F3A872 /* StandardToggleButton.swift in Sources */,
				23008959285CEABF000FB614 /* NodeListNavigationView.swift in Sources */,
				23008952285CA46D000FB614 /* PipView.swift in Sources */,
				2392DE632861B26600BD9391 /* MonitorView.swift in Sources */,
				2300894F285CA41A000FB614 /* CdCdiView.swift in Sources */,
				2392DE662861B2D200BD9391 /* ThrottleView.swift in Sources */,
				23008949285C961D000FB614 /* NodeSummaryView.swift in Sources */,
				23A0D5482892F3D0009663EA /* ClockView.swift in Sources */,
				23008930285C94A4000FB614 /* SampleCoreData.swift in Sources */,
				230B6819285E071500C99298 /* SettingsView.swift in Sources */,
			);
			runOnlyForDeploymentPostprocessing = 0;
		};
		2300890D285C94A4000FB614 /* Sources */ = {
			isa = PBXSourcesBuildPhase;
			buildActionMask = 2147483647;
			files = (
				23B2EDA928EB17510098666D /* TurnoutView.swift in Sources */,
				235DFF4528C1017100B03999 /* ConsistView.swift in Sources */,
				2300892D285C94A4000FB614 /* OlcbTools.xcdatamodeld in Sources */,
				23C40BBC28CAC06B00A22AD9 /* HexadecimalKeyboard.swift in Sources */,
				23008933285C94A4000FB614 /* Persistence.swift in Sources */,
				2300894D285C9630000FB614 /* ContentView.swift in Sources */,
				23008956285CC75C000FB614 /* EventView.swift in Sources */,
				2300892F285C94A4000FB614 /* OlcbToolsApp.swift in Sources */,
				2395165B28AFDB8E00F3A872 /* StandardToggleButton.swift in Sources */,
				23008958285CEABF000FB614 /* NodeListNavigationView.swift in Sources */,
				23008953285CA46D000FB614 /* PipView.swift in Sources */,
				2392DE642861B26600BD9391 /* MonitorView.swift in Sources */,
				23008950285CA41A000FB614 /* CdCdiView.swift in Sources */,
				2392DE672861B2D200BD9391 /* ThrottleView.swift in Sources */,
				2300894A285C961D000FB614 /* NodeSummaryView.swift in Sources */,
				23A0D5492892F3D0009663EA /* ClockView.swift in Sources */,
				23008931285C94A4000FB614 /* SampleCoreData.swift in Sources */,
				230B681A285E071500C99298 /* SettingsView.swift in Sources */,
			);
			runOnlyForDeploymentPostprocessing = 0;
		};
		23008914285C94A4000FB614 /* Sources */ = {
			isa = PBXSourcesBuildPhase;
			buildActionMask = 2147483647;
			files = (
				2300891F285C94A4000FB614 /* Tests_iOSLaunchTests.swift in Sources */,
				2300891D285C94A4000FB614 /* Tests_iOS.swift in Sources */,
			);
			runOnlyForDeploymentPostprocessing = 0;
		};
		23008920285C94A4000FB614 /* Sources */ = {
			isa = PBXSourcesBuildPhase;
			buildActionMask = 2147483647;
			files = (
				2300892B285C94A4000FB614 /* Tests_macOSLaunchTests.swift in Sources */,
				23008929285C94A4000FB614 /* Tests_macOS.swift in Sources */,
			);
			runOnlyForDeploymentPostprocessing = 0;
		};
/* End PBXSourcesBuildPhase section */

/* Begin PBXTargetDependency section */
		2300891A285C94A4000FB614 /* PBXTargetDependency */ = {
			isa = PBXTargetDependency;
			target = 2300890A285C94A4000FB614 /* OlcbTools (iOS) */;
			targetProxy = 23008919285C94A4000FB614 /* PBXContainerItemProxy */;
		};
		23008926285C94A4000FB614 /* PBXTargetDependency */ = {
			isa = PBXTargetDependency;
			target = 23008910285C94A4000FB614 /* OlcbTools (macOS) */;
			targetProxy = 23008925285C94A4000FB614 /* PBXContainerItemProxy */;
		};
/* End PBXTargetDependency section */

/* Begin XCBuildConfiguration section */
		23008936285C94A4000FB614 /* Debug */ = {
			isa = XCBuildConfiguration;
			buildSettings = {
				ALWAYS_SEARCH_USER_PATHS = NO;
				CLANG_ANALYZER_NONNULL = YES;
				CLANG_ANALYZER_NUMBER_OBJECT_CONVERSION = YES_AGGRESSIVE;
				CLANG_CXX_LANGUAGE_STANDARD = "gnu++17";
				CLANG_ENABLE_MODULES = YES;
				CLANG_ENABLE_OBJC_ARC = YES;
				CLANG_ENABLE_OBJC_WEAK = YES;
				CLANG_WARN_BLOCK_CAPTURE_AUTORELEASING = YES;
				CLANG_WARN_BOOL_CONVERSION = YES;
				CLANG_WARN_COMMA = YES;
				CLANG_WARN_CONSTANT_CONVERSION = YES;
				CLANG_WARN_DEPRECATED_OBJC_IMPLEMENTATIONS = YES;
				CLANG_WARN_DIRECT_OBJC_ISA_USAGE = YES_ERROR;
				CLANG_WARN_DOCUMENTATION_COMMENTS = YES;
				CLANG_WARN_EMPTY_BODY = YES;
				CLANG_WARN_ENUM_CONVERSION = YES;
				CLANG_WARN_INFINITE_RECURSION = YES;
				CLANG_WARN_INT_CONVERSION = YES;
				CLANG_WARN_NON_LITERAL_NULL_CONVERSION = YES;
				CLANG_WARN_OBJC_IMPLICIT_RETAIN_SELF = YES;
				CLANG_WARN_OBJC_LITERAL_CONVERSION = YES;
				CLANG_WARN_OBJC_ROOT_CLASS = YES_ERROR;
				CLANG_WARN_QUOTED_INCLUDE_IN_FRAMEWORK_HEADER = YES;
				CLANG_WARN_RANGE_LOOP_ANALYSIS = YES;
				CLANG_WARN_STRICT_PROTOTYPES = YES;
				CLANG_WARN_SUSPICIOUS_MOVE = YES;
				CLANG_WARN_UNGUARDED_AVAILABILITY = YES_AGGRESSIVE;
				CLANG_WARN_UNREACHABLE_CODE = YES;
				CLANG_WARN__DUPLICATE_METHOD_MATCH = YES;
				COPY_PHASE_STRIP = NO;
				DEAD_CODE_STRIPPING = YES;
				DEBUG_INFORMATION_FORMAT = dwarf;
				ENABLE_STRICT_OBJC_MSGSEND = YES;
				ENABLE_TESTABILITY = YES;
				GCC_C_LANGUAGE_STANDARD = gnu11;
				GCC_DYNAMIC_NO_PIC = NO;
				GCC_NO_COMMON_BLOCKS = YES;
				GCC_OPTIMIZATION_LEVEL = 0;
				GCC_PREPROCESSOR_DEFINITIONS = (
					"DEBUG=1",
					"$(inherited)",
				);
				GCC_WARN_64_TO_32_BIT_CONVERSION = YES;
				GCC_WARN_ABOUT_RETURN_TYPE = YES_ERROR;
				GCC_WARN_UNDECLARED_SELECTOR = YES;
				GCC_WARN_UNINITIALIZED_AUTOS = YES_AGGRESSIVE;
				GCC_WARN_UNUSED_FUNCTION = YES;
				GCC_WARN_UNUSED_VARIABLE = YES;
				MACOSX_DEPLOYMENT_TARGET = 11.0;
				MTL_ENABLE_DEBUG_INFO = INCLUDE_SOURCE;
				MTL_FAST_MATH = YES;
				ONLY_ACTIVE_ARCH = YES;
				SWIFT_ACTIVE_COMPILATION_CONDITIONS = DEBUG;
				SWIFT_OPTIMIZATION_LEVEL = "-Onone";
				VERSIONING_SYSTEM = "apple-generic";
			};
			name = Debug;
		};
		23008937285C94A4000FB614 /* Release */ = {
			isa = XCBuildConfiguration;
			buildSettings = {
				ALWAYS_SEARCH_USER_PATHS = NO;
				CLANG_ANALYZER_NONNULL = YES;
				CLANG_ANALYZER_NUMBER_OBJECT_CONVERSION = YES_AGGRESSIVE;
				CLANG_CXX_LANGUAGE_STANDARD = "gnu++17";
				CLANG_ENABLE_MODULES = YES;
				CLANG_ENABLE_OBJC_ARC = YES;
				CLANG_ENABLE_OBJC_WEAK = YES;
				CLANG_WARN_BLOCK_CAPTURE_AUTORELEASING = YES;
				CLANG_WARN_BOOL_CONVERSION = YES;
				CLANG_WARN_COMMA = YES;
				CLANG_WARN_CONSTANT_CONVERSION = YES;
				CLANG_WARN_DEPRECATED_OBJC_IMPLEMENTATIONS = YES;
				CLANG_WARN_DIRECT_OBJC_ISA_USAGE = YES_ERROR;
				CLANG_WARN_DOCUMENTATION_COMMENTS = YES;
				CLANG_WARN_EMPTY_BODY = YES;
				CLANG_WARN_ENUM_CONVERSION = YES;
				CLANG_WARN_INFINITE_RECURSION = YES;
				CLANG_WARN_INT_CONVERSION = YES;
				CLANG_WARN_NON_LITERAL_NULL_CONVERSION = YES;
				CLANG_WARN_OBJC_IMPLICIT_RETAIN_SELF = YES;
				CLANG_WARN_OBJC_LITERAL_CONVERSION = YES;
				CLANG_WARN_OBJC_ROOT_CLASS = YES_ERROR;
				CLANG_WARN_QUOTED_INCLUDE_IN_FRAMEWORK_HEADER = YES;
				CLANG_WARN_RANGE_LOOP_ANALYSIS = YES;
				CLANG_WARN_STRICT_PROTOTYPES = YES;
				CLANG_WARN_SUSPICIOUS_MOVE = YES;
				CLANG_WARN_UNGUARDED_AVAILABILITY = YES_AGGRESSIVE;
				CLANG_WARN_UNREACHABLE_CODE = YES;
				CLANG_WARN__DUPLICATE_METHOD_MATCH = YES;
				COPY_PHASE_STRIP = NO;
				DEAD_CODE_STRIPPING = YES;
				DEBUG_INFORMATION_FORMAT = "dwarf-with-dsym";
				ENABLE_NS_ASSERTIONS = NO;
				ENABLE_STRICT_OBJC_MSGSEND = YES;
				GCC_C_LANGUAGE_STANDARD = gnu11;
				GCC_NO_COMMON_BLOCKS = YES;
				GCC_WARN_64_TO_32_BIT_CONVERSION = YES;
				GCC_WARN_ABOUT_RETURN_TYPE = YES_ERROR;
				GCC_WARN_UNDECLARED_SELECTOR = YES;
				GCC_WARN_UNINITIALIZED_AUTOS = YES_AGGRESSIVE;
				GCC_WARN_UNUSED_FUNCTION = YES;
				GCC_WARN_UNUSED_VARIABLE = YES;
				MACOSX_DEPLOYMENT_TARGET = 11.0;
				MTL_ENABLE_DEBUG_INFO = NO;
				MTL_FAST_MATH = YES;
				SWIFT_COMPILATION_MODE = wholemodule;
				SWIFT_OPTIMIZATION_LEVEL = "-O";
				VERSIONING_SYSTEM = "apple-generic";
			};
			name = Release;
		};
		23008939285C94A4000FB614 /* Debug */ = {
			isa = XCBuildConfiguration;
			buildSettings = {
				ASSETCATALOG_COMPILER_APPICON_NAME = AppIcon;
				ASSETCATALOG_COMPILER_GLOBAL_ACCENT_COLOR_NAME = AccentColor;
				CODE_SIGN_ENTITLEMENTS = "OlcbTools (iOS).entitlements";
				CODE_SIGN_STYLE = Automatic;
				CURRENT_PROJECT_VERSION = 71;
				DEVELOPMENT_TEAM = V2UXGA8SJW;
				ENABLE_PREVIEWS = YES;
				GENERATE_INFOPLIST_FILE = YES;
				INFOPLIST_FILE = "OlcbTools--iOS--Info.plist";
				INFOPLIST_KEY_CFBundleDisplayName = LccTools;
				INFOPLIST_KEY_LSApplicationCategoryType = "public.app-category.lifestyle";
				INFOPLIST_KEY_NSLocalNetworkUsageDescription = "LccTools uses the local network to connect to an LCC hub";
				INFOPLIST_KEY_UIApplicationSceneManifest_Generation = YES;
				INFOPLIST_KEY_UIApplicationSupportsIndirectInputEvents = YES;
				INFOPLIST_KEY_UILaunchScreen_Generation = YES;
				INFOPLIST_KEY_UIStatusBarStyle = "";
				INFOPLIST_KEY_UISupportedInterfaceOrientations = "UIInterfaceOrientationLandscapeLeft UIInterfaceOrientationLandscapeRight UIInterfaceOrientationPortrait UIInterfaceOrientationPortraitUpsideDown";
				IPHONEOS_DEPLOYMENT_TARGET = 15.0;
				LD_RUNPATH_SEARCH_PATHS = (
					"$(inherited)",
					"@executable_path/Frameworks",
				);
				MACOSX_DEPLOYMENT_TARGET = 11.0;
				MARKETING_VERSION = 0.9.1;
				PRODUCT_BUNDLE_IDENTIFIER = us.ardenwood.OlcbTools;
				PRODUCT_NAME = LccTools;
				SDKROOT = iphoneos;
				SUPPORTED_PLATFORMS = "iphoneos iphonesimulator";
				SUPPORTS_MACCATALYST = YES;
				SUPPORTS_MAC_DESIGNED_FOR_IPHONE_IPAD = YES;
				SWIFT_EMIT_LOC_STRINGS = YES;
				SWIFT_VERSION = 5.0;
				TARGETED_DEVICE_FAMILY = "1,2";
				VERSIONING_SYSTEM = "apple-generic";
			};
			name = Debug;
		};
		2300893A285C94A4000FB614 /* Release */ = {
			isa = XCBuildConfiguration;
			buildSettings = {
				ASSETCATALOG_COMPILER_APPICON_NAME = AppIcon;
				ASSETCATALOG_COMPILER_GLOBAL_ACCENT_COLOR_NAME = AccentColor;
				CODE_SIGN_ENTITLEMENTS = "OlcbTools (iOS).entitlements";
				CODE_SIGN_STYLE = Automatic;
				CURRENT_PROJECT_VERSION = 71;
				DEVELOPMENT_TEAM = V2UXGA8SJW;
				ENABLE_PREVIEWS = YES;
				GENERATE_INFOPLIST_FILE = YES;
				INFOPLIST_FILE = "OlcbTools--iOS--Info.plist";
				INFOPLIST_KEY_CFBundleDisplayName = LccTools;
				INFOPLIST_KEY_LSApplicationCategoryType = "public.app-category.lifestyle";
				INFOPLIST_KEY_NSLocalNetworkUsageDescription = "LccTools uses the local network to connect to an LCC hub";
				INFOPLIST_KEY_UIApplicationSceneManifest_Generation = YES;
				INFOPLIST_KEY_UIApplicationSupportsIndirectInputEvents = YES;
				INFOPLIST_KEY_UILaunchScreen_Generation = YES;
				INFOPLIST_KEY_UIStatusBarStyle = "";
				INFOPLIST_KEY_UISupportedInterfaceOrientations = "UIInterfaceOrientationLandscapeLeft UIInterfaceOrientationLandscapeRight UIInterfaceOrientationPortrait UIInterfaceOrientationPortraitUpsideDown";
				IPHONEOS_DEPLOYMENT_TARGET = 15.0;
				LD_RUNPATH_SEARCH_PATHS = (
					"$(inherited)",
					"@executable_path/Frameworks",
				);
				MACOSX_DEPLOYMENT_TARGET = 11.0;
				MARKETING_VERSION = 0.9.1;
				PRODUCT_BUNDLE_IDENTIFIER = us.ardenwood.OlcbTools;
				PRODUCT_NAME = LccTools;
				SDKROOT = iphoneos;
				SUPPORTED_PLATFORMS = "iphoneos iphonesimulator";
				SUPPORTS_MACCATALYST = YES;
				SUPPORTS_MAC_DESIGNED_FOR_IPHONE_IPAD = YES;
				SWIFT_EMIT_LOC_STRINGS = YES;
				SWIFT_VERSION = 5.0;
				TARGETED_DEVICE_FAMILY = "1,2";
				VALIDATE_PRODUCT = YES;
				VERSIONING_SYSTEM = "apple-generic";
			};
			name = Release;
		};
		2300893C285C94A4000FB614 /* Debug */ = {
			isa = XCBuildConfiguration;
			buildSettings = {
				ASSETCATALOG_COMPILER_APPICON_NAME = AppIcon;
				ASSETCATALOG_COMPILER_GLOBAL_ACCENT_COLOR_NAME = AccentColor;
				CODE_SIGN_ENTITLEMENTS = "OlcbTools (macOS)Debug.entitlements";
				CODE_SIGN_IDENTITY = "-";
				CODE_SIGN_STYLE = Automatic;
				COMBINE_HIDPI_IMAGES = YES;
				CURRENT_PROJECT_VERSION = 71;
				DEAD_CODE_STRIPPING = YES;
				DEVELOPMENT_TEAM = V2UXGA8SJW;
				ENABLE_HARDENED_RUNTIME = YES;
				ENABLE_PREVIEWS = YES;
				GENERATE_INFOPLIST_FILE = YES;
				INFOPLIST_KEY_CFBundleDisplayName = LccTools;
				INFOPLIST_KEY_LSApplicationCategoryType = "public.app-category.entertainment";
				INFOPLIST_KEY_NSHumanReadableCopyright = "@2022 Bob Jacobsen";
				LD_RUNPATH_SEARCH_PATHS = (
					"$(inherited)",
					"@executable_path/../Frameworks",
				);
				MACOSX_DEPLOYMENT_TARGET = 12.0;
				MARKETING_VERSION = 0.9.1;
				PRODUCT_BUNDLE_IDENTIFIER = us.ardenwood.OlcbTools;
				PRODUCT_NAME = LccTools;
				SDKROOT = macosx;
				SWIFT_EMIT_LOC_STRINGS = YES;
				SWIFT_VERSION = 5.0;
				VERSIONING_SYSTEM = "apple-generic";
			};
			name = Debug;
		};
		2300893D285C94A4000FB614 /* Release */ = {
			isa = XCBuildConfiguration;
			buildSettings = {
				ASSETCATALOG_COMPILER_APPICON_NAME = AppIcon;
				ASSETCATALOG_COMPILER_GLOBAL_ACCENT_COLOR_NAME = AccentColor;
				CODE_SIGN_ENTITLEMENTS = macOS/macOS.entitlements;
				CODE_SIGN_IDENTITY = "-";
				CODE_SIGN_STYLE = Automatic;
				COMBINE_HIDPI_IMAGES = YES;
				CURRENT_PROJECT_VERSION = 71;
				DEAD_CODE_STRIPPING = YES;
				DEVELOPMENT_TEAM = V2UXGA8SJW;
				ENABLE_HARDENED_RUNTIME = YES;
				ENABLE_PREVIEWS = YES;
				GENERATE_INFOPLIST_FILE = YES;
				INFOPLIST_KEY_CFBundleDisplayName = LccTools;
				INFOPLIST_KEY_LSApplicationCategoryType = "public.app-category.entertainment";
				INFOPLIST_KEY_NSHumanReadableCopyright = "@2022 Bob Jacobsen";
				LD_RUNPATH_SEARCH_PATHS = (
					"$(inherited)",
					"@executable_path/../Frameworks",
				);
				MACOSX_DEPLOYMENT_TARGET = 12.0;
				MARKETING_VERSION = 0.9.1;
				PRODUCT_BUNDLE_IDENTIFIER = us.ardenwood.OlcbTools;
				PRODUCT_NAME = LccTools;
				SDKROOT = macosx;
				SWIFT_EMIT_LOC_STRINGS = YES;
				SWIFT_VERSION = 5.0;
				VERSIONING_SYSTEM = "apple-generic";
			};
			name = Release;
		};
		2300893F285C94A4000FB614 /* Debug */ = {
			isa = XCBuildConfiguration;
			buildSettings = {
				ALWAYS_EMBED_SWIFT_STANDARD_LIBRARIES = YES;
				CODE_SIGN_STYLE = Automatic;
				CURRENT_PROJECT_VERSION = 1;
				DEVELOPMENT_TEAM = V2UXGA8SJW;
				GENERATE_INFOPLIST_FILE = YES;
				IPHONEOS_DEPLOYMENT_TARGET = 15.0;
				MARKETING_VERSION = 1.0;
				PRODUCT_BUNDLE_IDENTIFIER = "us.ardenwood.Tests-iOS";
				PRODUCT_NAME = "$(TARGET_NAME)";
				SDKROOT = iphoneos;
				SWIFT_EMIT_LOC_STRINGS = NO;
				SWIFT_VERSION = 5.0;
				TARGETED_DEVICE_FAMILY = "1,2";
				TEST_TARGET_NAME = "OlcbTools (iOS)";
				VERSIONING_SYSTEM = "apple-generic";
			};
			name = Debug;
		};
		23008940285C94A4000FB614 /* Release */ = {
			isa = XCBuildConfiguration;
			buildSettings = {
				ALWAYS_EMBED_SWIFT_STANDARD_LIBRARIES = YES;
				CODE_SIGN_STYLE = Automatic;
				CURRENT_PROJECT_VERSION = 1;
				DEVELOPMENT_TEAM = V2UXGA8SJW;
				GENERATE_INFOPLIST_FILE = YES;
				IPHONEOS_DEPLOYMENT_TARGET = 15.0;
				MARKETING_VERSION = 1.0;
				PRODUCT_BUNDLE_IDENTIFIER = "us.ardenwood.Tests-iOS";
				PRODUCT_NAME = "$(TARGET_NAME)";
				SDKROOT = iphoneos;
				SWIFT_EMIT_LOC_STRINGS = NO;
				SWIFT_VERSION = 5.0;
				TARGETED_DEVICE_FAMILY = "1,2";
				TEST_TARGET_NAME = "OlcbTools (iOS)";
				VALIDATE_PRODUCT = YES;
				VERSIONING_SYSTEM = "apple-generic";
			};
			name = Release;
		};
		23008942285C94A4000FB614 /* Debug */ = {
			isa = XCBuildConfiguration;
			buildSettings = {
				ALWAYS_EMBED_SWIFT_STANDARD_LIBRARIES = YES;
				CODE_SIGN_STYLE = Automatic;
				CURRENT_PROJECT_VERSION = 1;
				DEAD_CODE_STRIPPING = YES;
				DEVELOPMENT_TEAM = V2UXGA8SJW;
				GENERATE_INFOPLIST_FILE = YES;
				MACOSX_DEPLOYMENT_TARGET = 12.0;
				MARKETING_VERSION = 1.0;
				PRODUCT_BUNDLE_IDENTIFIER = "us.ardenwood.Tests-macOS";
				PRODUCT_NAME = "$(TARGET_NAME)";
				SDKROOT = macosx;
				SWIFT_EMIT_LOC_STRINGS = NO;
				SWIFT_VERSION = 5.0;
				TEST_TARGET_NAME = "OlcbTools (macOS)";
				VERSIONING_SYSTEM = "apple-generic";
			};
			name = Debug;
		};
		23008943285C94A4000FB614 /* Release */ = {
			isa = XCBuildConfiguration;
			buildSettings = {
				ALWAYS_EMBED_SWIFT_STANDARD_LIBRARIES = YES;
				CODE_SIGN_STYLE = Automatic;
				CURRENT_PROJECT_VERSION = 1;
				DEAD_CODE_STRIPPING = YES;
				DEVELOPMENT_TEAM = V2UXGA8SJW;
				GENERATE_INFOPLIST_FILE = YES;
				MACOSX_DEPLOYMENT_TARGET = 12.0;
				MARKETING_VERSION = 1.0;
				PRODUCT_BUNDLE_IDENTIFIER = "us.ardenwood.Tests-macOS";
				PRODUCT_NAME = "$(TARGET_NAME)";
				SDKROOT = macosx;
				SWIFT_EMIT_LOC_STRINGS = NO;
				SWIFT_VERSION = 5.0;
				TEST_TARGET_NAME = "OlcbTools (macOS)";
				VERSIONING_SYSTEM = "apple-generic";
			};
			name = Release;
		};
/* End XCBuildConfiguration section */

/* Begin XCConfigurationList section */
		230088FF285C949E000FB614 /* Build configuration list for PBXProject "OlcbTools" */ = {
			isa = XCConfigurationList;
			buildConfigurations = (
				23008936285C94A4000FB614 /* Debug */,
				23008937285C94A4000FB614 /* Release */,
			);
			defaultConfigurationIsVisible = 0;
			defaultConfigurationName = Release;
		};
		23008938285C94A4000FB614 /* Build configuration list for PBXNativeTarget "OlcbTools (iOS)" */ = {
			isa = XCConfigurationList;
			buildConfigurations = (
				23008939285C94A4000FB614 /* Debug */,
				2300893A285C94A4000FB614 /* Release */,
			);
			defaultConfigurationIsVisible = 0;
			defaultConfigurationName = Release;
		};
		2300893B285C94A4000FB614 /* Build configuration list for PBXNativeTarget "OlcbTools (macOS)" */ = {
			isa = XCConfigurationList;
			buildConfigurations = (
				2300893C285C94A4000FB614 /* Debug */,
				2300893D285C94A4000FB614 /* Release */,
			);
			defaultConfigurationIsVisible = 0;
			defaultConfigurationName = Release;
		};
		2300893E285C94A4000FB614 /* Build configuration list for PBXNativeTarget "Tests iOS" */ = {
			isa = XCConfigurationList;
			buildConfigurations = (
				2300893F285C94A4000FB614 /* Debug */,
				23008940285C94A4000FB614 /* Release */,
			);
			defaultConfigurationIsVisible = 0;
			defaultConfigurationName = Release;
		};
		23008941285C94A4000FB614 /* Build configuration list for PBXNativeTarget "Tests macOS" */ = {
			isa = XCConfigurationList;
			buildConfigurations = (
				23008942285C94A4000FB614 /* Debug */,
				23008943285C94A4000FB614 /* Release */,
			);
			defaultConfigurationIsVisible = 0;
			defaultConfigurationName = Release;
		};
/* End XCConfigurationList section */

/* Begin XCSwiftPackageProductDependency section */
		23008946285C9527000FB614 /* OpenlcbLibrary */ = {
			isa = XCSwiftPackageProductDependency;
			productName = OpenlcbLibrary;
		};
		230B6816285DF38600C99298 /* OpenlcbLibrary */ = {
			isa = XCSwiftPackageProductDependency;
			productName = OpenlcbLibrary;
		};
		2334B5D7286F52E900C2A959 /* TelnetListenerLib */ = {
			isa = XCSwiftPackageProductDependency;
			productName = TelnetListenerLib;
		};
		2334B5D9286F52F400C2A959 /* TelnetListenerLib */ = {
			isa = XCSwiftPackageProductDependency;
			productName = TelnetListenerLib;
		};
/* End XCSwiftPackageProductDependency section */

/* Begin XCVersionGroup section */
		23008901285C949E000FB614 /* OlcbTools.xcdatamodeld */ = {
			isa = XCVersionGroup;
			children = (
				23008902285C949E000FB614 /* Shared.xcdatamodel */,
			);
			currentVersion = 23008902285C949E000FB614 /* Shared.xcdatamodel */;
			path = OlcbTools.xcdatamodeld;
			sourceTree = "<group>";
			versionGroupType = wrapper.xcdatamodel;
		};
/* End XCVersionGroup section */
	};
	rootObject = 230088FC285C949E000FB614 /* Project object */;
}
